
Microsoft Visual Studio Solution File, Format Version 12.00
# Visual Studio Version 16
VisualStudioVersion = 16.0.30114.105
MinimumVisualStudioVersion = 10.0.40219.1
Project("{9A19103F-16F7-4668-BE54-9A1E7A4F7556}") = "RoemischeZahlenKonverter", "src\RoemischeZahlenKonverter\RoemischeZahlenKonverter.csproj", "{3FB530F7-85C6-4684-B09E-C41EE3917B34}"
EndProject
Project("{2150E333-8FDC-42A3-9474-1A3956D46DE8}") = "tests", "tests", "{60ECECA6-1423-4376-B7FB-A620C239A747}"
EndProject
Project("{9A19103F-16F7-4668-BE54-9A1E7A4F7556}") = "RoemischeZahlenKonverter.Test", "tests\RoemischeZahlenKonverter.Test\RoemischeZahlenKonverter.Test.csproj", "{AA44B828-7173-4E72-A0FA-7E9CCB9F2CDC}"
EndProject
Global
	GlobalSection(SolutionConfigurationPlatforms) = preSolution
		Debug|Any CPU = Debug|Any CPU
		Debug|x64 = Debug|x64
		Debug|x86 = Debug|x86
		Release|Any CPU = Release|Any CPU
		Release|x64 = Release|x64
		Release|x86 = Release|x86
	EndGlobalSection
	GlobalSection(ProjectConfigurationPlatforms) = postSolution
		{3FB530F7-85C6-4684-B09E-C41EE3917B34}.Debug|Any CPU.ActiveCfg = Debug|Any CPU
		{3FB530F7-85C6-4684-B09E-C41EE3917B34}.Debug|Any CPU.Build.0 = Debug|Any CPU
		{3FB530F7-85C6-4684-B09E-C41EE3917B34}.Debug|x64.ActiveCfg = Debug|Any CPU
		{3FB530F7-85C6-4684-B09E-C41EE3917B34}.Debug|x64.Build.0 = Debug|Any CPU
		{3FB530F7-85C6-4684-B09E-C41EE3917B34}.Debug|x86.ActiveCfg = Debug|Any CPU
		{3FB530F7-85C6-4684-B09E-C41EE3917B34}.Debug|x86.Build.0 = Debug|Any CPU
		{3FB530F7-85C6-4684-B09E-C41EE3917B34}.Release|Any CPU.ActiveCfg = Release|Any CPU
		{3FB530F7-85C6-4684-B09E-C41EE3917B34}.Release|Any CPU.Build.0 = Release|Any CPU
		{3FB530F7-85C6-4684-B09E-C41EE3917B34}.Release|x64.ActiveCfg = Release|Any CPU
		{3FB530F7-85C6-4684-B09E-C41EE3917B34}.Release|x64.Build.0 = Release|Any CPU
		{3FB530F7-85C6-4684-B09E-C41EE3917B34}.Release|x86.ActiveCfg = Release|Any CPU
		{3FB530F7-85C6-4684-B09E-C41EE3917B34}.Release|x86.Build.0 = Release|Any CPU
		{AA44B828-7173-4E72-A0FA-7E9CCB9F2CDC}.Debug|Any CPU.ActiveCfg = Debug|Any CPU
		{AA44B828-7173-4E72-A0FA-7E9CCB9F2CDC}.Debug|Any CPU.Build.0 = Debug|Any CPU
		{AA44B828-7173-4E72-A0FA-7E9CCB9F2CDC}.Debug|x64.ActiveCfg = Debug|Any CPU
		{AA44B828-7173-4E72-A0FA-7E9CCB9F2CDC}.Debug|x64.Build.0 = Debug|Any CPU
		{AA44B828-7173-4E72-A0FA-7E9CCB9F2CDC}.Debug|x86.ActiveCfg = Debug|Any CPU
		{AA44B828-7173-4E72-A0FA-7E9CCB9F2CDC}.Debug|x86.Build.0 = Debug|Any CPU
		{AA44B828-7173-4E72-A0FA-7E9CCB9F2CDC}.Release|Any CPU.ActiveCfg = Release|Any CPU
		{AA44B828-7173-4E72-A0FA-7E9CCB9F2CDC}.Release|Any CPU.Build.0 = Release|Any CPU
		{AA44B828-7173-4E72-A0FA-7E9CCB9F2CDC}.Release|x64.ActiveCfg = Release|Any CPU
		{AA44B828-7173-4E72-A0FA-7E9CCB9F2CDC}.Release|x64.Build.0 = Release|Any CPU
		{AA44B828-7173-4E72-A0FA-7E9CCB9F2CDC}.Release|x86.ActiveCfg = Release|Any CPU
		{AA44B828-7173-4E72-A0FA-7E9CCB9F2CDC}.Release|x86.Build.0 = Release|Any CPU
	EndGlobalSection
	GlobalSection(SolutionProperties) = preSolution
		HideSolutionNode = FALSE
	EndGlobalSection
	GlobalSection(NestedProjects) = preSolution
		{AA44B828-7173-4E72-A0FA-7E9CCB9F2CDC} = {60ECECA6-1423-4376-B7FB-A620C239A747}
	EndGlobalSection
	GlobalSection(ExtensibilityGlobals) = postSolution
		SolutionGuid = {91A65434-06F1-4ED7-BB4E-BE6834B031BE}
	EndGlobalSection
EndGlobal
